
Microsoft Visual Studio Solution File, Format Version 12.00
Project("{FAE04EC0-301F-11D3-BF4B-00C04F79EFBC}") = "target-challenge", "target-challenge.csproj", "{43DB64F2-00BF-4C1D-AF9F-3A241890B809}"
EndProject
Global
	GlobalSection(SolutionConfigurationPlatforms) = preSolution
		Debug|Any CPU = Debug|Any CPU
		Release|Any CPU = Release|Any CPU
	EndGlobalSection
	GlobalSection(ProjectConfigurationPlatforms) = postSolution
		{43DB64F2-00BF-4C1D-AF9F-3A241890B809}.Debug|Any CPU.ActiveCfg = Debug|Any CPU
		{43DB64F2-00BF-4C1D-AF9F-3A241890B809}.Debug|Any CPU.Build.0 = Debug|Any CPU
		{43DB64F2-00BF-4C1D-AF9F-3A241890B809}.Release|Any CPU.ActiveCfg = Release|Any CPU
		{43DB64F2-00BF-4C1D-AF9F-3A241890B809}.Release|Any CPU.Build.0 = Release|Any CPU
	EndGlobalSection
EndGlobal
